
Microsoft Visual Studio Solution File, Format Version 12.00
# Visual Studio Version 16
VisualStudioVersion = 16.0.31515.178
MinimumVisualStudioVersion = 10.0.40219.1
Project("{FAE04EC0-301F-11D3-BF4B-00C04F79EFBC}") = "TicTacToeGame", "TicTacToeGame\TicTacToeGame.csproj", "{444A219B-61E1-466E-9EB7-8E031D05FF63}"
EndProject
Global
	GlobalSection(SolutionConfigurationPlatforms) = preSolution
		Debug|Any CPU = Debug|Any CPU
		Release|Any CPU = Release|Any CPU
	EndGlobalSection
	GlobalSection(ProjectConfigurationPlatforms) = postSolution
		{444A219B-61E1-466E-9EB7-8E031D05FF63}.Debug|Any CPU.ActiveCfg = Debug|Any CPU
		{444A219B-61E1-466E-9EB7-8E031D05FF63}.Debug|Any CPU.Build.0 = Debug|Any CPU
		{444A219B-61E1-466E-9EB7-8E031D05FF63}.Release|Any CPU.ActiveCfg = Release|Any CPU
		{444A219B-61E1-466E-9EB7-8E031D05FF63}.Release|Any CPU.Build.0 = Release|Any CPU
	EndGlobalSection
	GlobalSection(SolutionProperties) = preSolution
		HideSolutionNode = FALSE
	EndGlobalSection
	GlobalSection(ExtensibilityGlobals) = postSolution
		SolutionGuid = {63774B8C-C063-4D11-8A70-1C9318C1C02B}
	EndGlobalSection
EndGlobal
